
Microsoft Visual Studio Solution File, Format Version 12.00
# Visual Studio 15
VisualStudioVersion = 15.0.28010.2036
MinimumVisualStudioVersion = 10.0.40219.1
Project("{FAE04EC0-301F-11D3-BF4B-00C04F79EFBC}") = "ib", "ib\ib.csproj", "{514E45C5-D0C7-4790-8DFD-7E97F0D7D26B}"
EndProject
Global
	GlobalSection(SolutionConfigurationPlatforms) = preSolution
		Debug|Any CPU = Debug|Any CPU
		Release|Any CPU = Release|Any CPU
	EndGlobalSection
	GlobalSection(ProjectConfigurationPlatforms) = postSolution
		{514E45C5-D0C7-4790-8DFD-7E97F0D7D26B}.Debug|Any CPU.ActiveCfg = Debug|Any CPU
		{514E45C5-D0C7-4790-8DFD-7E97F0D7D26B}.Debug|Any CPU.Build.0 = Debug|Any CPU
		{514E45C5-D0C7-4790-8DFD-7E97F0D7D26B}.Release|Any CPU.ActiveCfg = Release|Any CPU
		{514E45C5-D0C7-4790-8DFD-7E97F0D7D26B}.Release|Any CPU.Build.0 = Release|Any CPU
	EndGlobalSection
	GlobalSection(SolutionProperties) = preSolution
		HideSolutionNode = FALSE
	EndGlobalSection
	GlobalSection(ExtensibilityGlobals) = postSolution
		SolutionGuid = {8C4880E5-CFA3-4A54-8156-AF2EEA655545}
	EndGlobalSection
EndGlobal
